
Microsoft Visual Studio Solution File, Format Version 12.00
# Visual Studio Version 17
VisualStudioVersion = 17.3.32819.101
MinimumVisualStudioVersion = 10.0.40219.1
Project("{FAE04EC0-301F-11D3-BF4B-00C04F79EFBC}") = "StackPanel", "StackPanel\StackPanel.csproj", "{2D589F3A-FF62-4460-9018-FC7DC00F3FB2}"
EndProject
Global
	GlobalSection(SolutionConfigurationPlatforms) = preSolution
		Debug|Any CPU = Debug|Any CPU
		Release|Any CPU = Release|Any CPU
	EndGlobalSection
	GlobalSection(ProjectConfigurationPlatforms) = postSolution
		{2D589F3A-FF62-4460-9018-FC7DC00F3FB2}.Debug|Any CPU.ActiveCfg = Debug|Any CPU
		{2D589F3A-FF62-4460-9018-FC7DC00F3FB2}.Debug|Any CPU.Build.0 = Debug|Any CPU
		{2D589F3A-FF62-4460-9018-FC7DC00F3FB2}.Release|Any CPU.ActiveCfg = Release|Any CPU
		{2D589F3A-FF62-4460-9018-FC7DC00F3FB2}.Release|Any CPU.Build.0 = Release|Any CPU
	EndGlobalSection
	GlobalSection(SolutionProperties) = preSolution
		HideSolutionNode = FALSE
	EndGlobalSection
	GlobalSection(ExtensibilityGlobals) = postSolution
		SolutionGuid = {A14F90CD-66D5-48E4-933D-F2DFE66C58C9}
	EndGlobalSection
EndGlobal
